
Microsoft Visual Studio Solution File, Format Version 12.00
# Visual Studio Version 17
VisualStudioVersion = 17.12.35521.163 d17.12
MinimumVisualStudioVersion = 10.0.40219.1
Project("{FAE04EC0-301F-11D3-BF4B-00C04F79EFBC}") = "RegistroEmpleados.AppMovil", "RegistroEmpleados.AppMovil\RegistroEmpleados.AppMovil.csproj", "{1DEC7DAB-F057-4AC9-93B6-4B62920710B3}"
EndProject
Project("{FAE04EC0-301F-11D3-BF4B-00C04F79EFBC}") = "RegistroEmpleados.Modelos", "RegistroEmpleados.Modelos\RegistroEmpleados.Modelos.csproj", "{DEAAD4D1-7227-4387-8027-2A1C3BA21D39}"
EndProject
Global
	GlobalSection(SolutionConfigurationPlatforms) = preSolution
		Debug|Any CPU = Debug|Any CPU
		Release|Any CPU = Release|Any CPU
	EndGlobalSection
	GlobalSection(ProjectConfigurationPlatforms) = postSolution
		{1DEC7DAB-F057-4AC9-93B6-4B62920710B3}.Debug|Any CPU.ActiveCfg = Debug|Any CPU
		{1DEC7DAB-F057-4AC9-93B6-4B62920710B3}.Debug|Any CPU.Build.0 = Debug|Any CPU
		{1DEC7DAB-F057-4AC9-93B6-4B62920710B3}.Debug|Any CPU.Deploy.0 = Debug|Any CPU
		{1DEC7DAB-F057-4AC9-93B6-4B62920710B3}.Release|Any CPU.ActiveCfg = Release|Any CPU
		{1DEC7DAB-F057-4AC9-93B6-4B62920710B3}.Release|Any CPU.Build.0 = Release|Any CPU
		{1DEC7DAB-F057-4AC9-93B6-4B62920710B3}.Release|Any CPU.Deploy.0 = Release|Any CPU
		{DEAAD4D1-7227-4387-8027-2A1C3BA21D39}.Debug|Any CPU.ActiveCfg = Debug|Any CPU
		{DEAAD4D1-7227-4387-8027-2A1C3BA21D39}.Debug|Any CPU.Build.0 = Debug|Any CPU
		{DEAAD4D1-7227-4387-8027-2A1C3BA21D39}.Release|Any CPU.ActiveCfg = Release|Any CPU
		{DEAAD4D1-7227-4387-8027-2A1C3BA21D39}.Release|Any CPU.Build.0 = Release|Any CPU
	EndGlobalSection
	GlobalSection(SolutionProperties) = preSolution
		HideSolutionNode = FALSE
	EndGlobalSection
EndGlobal
